// !$*UTF8*$!
{
	archiveVersion = 1;
	classes = {
	};
	objectVersion = 46;
	objects = {

/* Begin PBXBuildFile section */
		4D2B113F1C76C42F008F61E1 /* SHBTextViewTapGestureRecognizer.m in Sources */ = {isa = PBXBuildFile; fileRef = 4D2B113E1C76C42F008F61E1 /* SHBTextViewTapGestureRecognizer.m */; };
		4D90F3001C75AD78009812E7 /* UIImage+ResizeMagick.m in Sources */ = {isa = PBXBuildFile; fileRef = 4D90F2FF1C75AD78009812E7 /* UIImage+ResizeMagick.m */; };
		4D90F3031C75B14F009812E7 /* PreViewController.m in Sources */ = {isa = PBXBuildFile; fileRef = 4D90F3021C75B14F009812E7 /* PreViewController.m */; };
		4D90F3061C75B6E7009812E7 /* RootViewController.m in Sources */ = {isa = PBXBuildFile; fileRef = 4D90F3051C75B6E7009812E7 /* RootViewController.m */; };
		4D90F3091C75B7A7009812E7 /* PostViewController.m in Sources */ = {isa = PBXBuildFile; fileRef = 4D90F3081C75B7A7009812E7 /* PostViewController.m */; };
		4D90F30C1C75BEA1009812E7 /* SHBAttachMent.m in Sources */ = {isa = PBXBuildFile; fileRef = 4D90F30B1C75BEA1009812E7 /* SHBAttachMent.m */; };
		4D9195CA1C7560BD00FF2668 /* main.m in Sources */ = {isa = PBXBuildFile; fileRef = 4D9195C91C7560BD00FF2668 /* main.m */; };
		4D9195CD1C7560BE00FF2668 /* AppDelegate.m in Sources */ = {isa = PBXBuildFile; fileRef = 4D9195CC1C7560BE00FF2668 /* AppDelegate.m */; };
		4D9195D01C7560BE00FF2668 /* ViewController.m in Sources */ = {isa = PBXBuildFile; fileRef = 4D9195CF1C7560BE00FF2668 /* ViewController.m */; };
		4D9195D31C7560BF00FF2668 /* Main.storyboard in Resources */ = {isa = PBXBuildFile; fileRef = 4D9195D11C7560BF00FF2668 /* Main.storyboard */; };
		4D9195D51C7560C000FF2668 /* Assets.xcassets in Resources */ = {isa = PBXBuildFile; fileRef = 4D9195D41C7560C000FF2668 /* Assets.xcassets */; };
		4D9195D81C7560C000FF2668 /* LaunchScreen.storyboard in Resources */ = {isa = PBXBuildFile; fileRef = 4D9195D61C7560C000FF2668 /* LaunchScreen.storyboard */; };
/* End PBXBuildFile section */

/* Begin PBXFileReference section */
		4D2B113D1C76C42F008F61E1 /* SHBTextViewTapGestureRecognizer.h */ = {isa = PBXFileReference; fileEncoding = 4; lastKnownFileType = sourcecode.c.h; path = SHBTextViewTapGestureRecognizer.h; sourceTree = "<group>"; };
		4D2B113E1C76C42F008F61E1 /* SHBTextViewTapGestureRecognizer.m */ = {isa = PBXFileReference; fileEncoding = 4; lastKnownFileType = sourcecode.c.objc; path = SHBTextViewTapGestureRecognizer.m; sourceTree = "<group>"; };
		4D90F2FE1C75AD78009812E7 /* UIImage+ResizeMagick.h */ = {isa = PBXFileReference; fileEncoding = 4; lastKnownFileType = sourcecode.c.h; path = "UIImage+ResizeMagick.h"; sourceTree = "<group>"; };
		4D90F2FF1C75AD78009812E7 /* UIImage+ResizeMagick.m */ = {isa = PBXFileReference; fileEncoding = 4; lastKnownFileType = sourcecode.c.objc; path = "UIImage+ResizeMagick.m"; sourceTree = "<group>"; };
		4D90F3011C75B14F009812E7 /* PreViewController.h */ = {isa = PBXFileReference; fileEncoding = 4; lastKnownFileType = sourcecode.c.h; path = PreViewController.h; sourceTree = "<group>"; };
		4D90F3021C75B14F009812E7 /* PreViewController.m */ = {isa = PBXFileReference; fileEncoding = 4; lastKnownFileType = sourcecode.c.objc; path = PreViewController.m; sourceTree = "<group>"; };
		4D90F3041C75B6E7009812E7 /* RootViewController.h */ = {isa = PBXFileReference; fileEncoding = 4; lastKnownFileType = sourcecode.c.h; path = RootViewController.h; sourceTree = "<group>"; };
		4D90F3051C75B6E7009812E7 /* RootViewController.m */ = {isa = PBXFileReference; fileEncoding = 4; lastKnownFileType = sourcecode.c.objc; path = RootViewController.m; sourceTree = "<group>"; };
		4D90F3071C75B7A7009812E7 /* PostViewController.h */ = {isa = PBXFileReference; fileEncoding = 4; lastKnownFileType = sourcecode.c.h; path = PostViewController.h; sourceTree = "<group>"; };
		4D90F3081C75B7A7009812E7 /* PostViewController.m */ = {isa = PBXFileReference; fileEncoding = 4; lastKnownFileType = sourcecode.c.objc; path = PostViewController.m; sourceTree = "<group>"; };
		4D90F30A1C75BEA1009812E7 /* SHBAttachMent.h */ = {isa = PBXFileReference; fileEncoding = 4; lastKnownFileType = sourcecode.c.h; path = SHBAttachMent.h; sourceTree = "<group>"; };
		4D90F30B1C75BEA1009812E7 /* SHBAttachMent.m */ = {isa = PBXFileReference; fileEncoding = 4; lastKnownFileType = sourcecode.c.objc; path = SHBAttachMent.m; sourceTree = "<group>"; };
		4D9195C51C7560BB00FF2668 /* TextView.app */ = {isa = PBXFileReference; explicitFileType = wrapper.application; includeInIndex = 0; path = TextView.app; sourceTree = BUILT_PRODUCTS_DIR; };
		4D9195C91C7560BD00FF2668 /* main.m */ = {isa = PBXFileReference; lastKnownFileType = sourcecode.c.objc; path = main.m; sourceTree = "<group>"; };
		4D9195CB1C7560BD00FF2668 /* AppDelegate.h */ = {isa = PBXFileReference; lastKnownFileType = sourcecode.c.h; path = AppDelegate.h; sourceTree = "<group>"; };
		4D9195CC1C7560BE00FF2668 /* AppDelegate.m */ = {isa = PBXFileReference; lastKnownFileType = sourcecode.c.objc; path = AppDelegate.m; sourceTree = "<group>"; };
		4D9195CE1C7560BE00FF2668 /* ViewController.h */ = {isa = PBXFileReference; lastKnownFileType = sourcecode.c.h; path = ViewController.h; sourceTree = "<group>"; };
		4D9195CF1C7560BE00FF2668 /* ViewController.m */ = {isa = PBXFileReference; lastKnownFileType = sourcecode.c.objc; path = ViewController.m; sourceTree = "<group>"; };
		4D9195D21C7560BF00FF2668 /* Base */ = {isa = PBXFileReference; lastKnownFileType = file.storyboard; name = Base; path = Base.lproj/Main.storyboard; sourceTree = "<group>"; };
		4D9195D41C7560C000FF2668 /* Assets.xcassets */ = {isa = PBXFileReference; lastKnownFileType = folder.assetcatalog; path = Assets.xcassets; sourceTree = "<group>"; };
		4D9195D71C7560C000FF2668 /* Base */ = {isa = PBXFileReference; lastKnownFileType = file.storyboard; name = Base; path = Base.lproj/LaunchScreen.storyboard; sourceTree = "<group>"; };
		4D9195D91C7560C100FF2668 /* Info.plist */ = {isa = PBXFileReference; lastKnownFileType = text.plist.xml; path = Info.plist; sourceTree = "<group>"; };
/* End PBXFileReference section */

/* Begin PBXFrameworksBuildPhase section */
		4D9195C21C7560BB00FF2668 /* Frameworks */ = {
			isa = PBXFrameworksBuildPhase;
			buildActionMask = 2147483647;
			files = (
			);
			runOnlyForDeploymentPostprocessing = 0;
		};
/* End PBXFrameworksBuildPhase section */

/* Begin PBXGroup section */
		4D9195BC1C7560BA00FF2668 = {
			isa = PBXGroup;
			children = (
				4D9195C71C7560BC00FF2668 /* TextView */,
				4D9195C61C7560BB00FF2668 /* Products */,
			);
			sourceTree = "<group>";
		};
		4D9195C61C7560BB00FF2668 /* Products */ = {
			isa = PBXGroup;
			children = (
				4D9195C51C7560BB00FF2668 /* TextView.app */,
			);
			name = Products;
			sourceTree = "<group>";
		};
		4D9195C71C7560BC00FF2668 /* TextView */ = {
			isa = PBXGroup;
			children = (
				4D90F2FE1C75AD78009812E7 /* UIImage+ResizeMagick.h */,
				4D90F2FF1C75AD78009812E7 /* UIImage+ResizeMagick.m */,
				4D2B113D1C76C42F008F61E1 /* SHBTextViewTapGestureRecognizer.h */,
				4D2B113E1C76C42F008F61E1 /* SHBTextViewTapGestureRecognizer.m */,
				4D9195CB1C7560BD00FF2668 /* AppDelegate.h */,
				4D9195CC1C7560BE00FF2668 /* AppDelegate.m */,
				4D90F3041C75B6E7009812E7 /* RootViewController.h */,
				4D90F3051C75B6E7009812E7 /* RootViewController.m */,
				4D90F3071C75B7A7009812E7 /* PostViewController.h */,
				4D90F3081C75B7A7009812E7 /* PostViewController.m */,
				4D9195CE1C7560BE00FF2668 /* ViewController.h */,
				4D9195CF1C7560BE00FF2668 /* ViewController.m */,
				4D90F3011C75B14F009812E7 /* PreViewController.h */,
				4D90F3021C75B14F009812E7 /* PreViewController.m */,
				4D90F30A1C75BEA1009812E7 /* SHBAttachMent.h */,
				4D90F30B1C75BEA1009812E7 /* SHBAttachMent.m */,
				4D9195D11C7560BF00FF2668 /* Main.storyboard */,
				4D9195D41C7560C000FF2668 /* Assets.xcassets */,
				4D9195D61C7560C000FF2668 /* LaunchScreen.storyboard */,
				4D9195D91C7560C100FF2668 /* Info.plist */,
				4D9195C81C7560BD00FF2668 /* Supporting Files */,
			);
			path = TextView;
			sourceTree = "<group>";
		};
		4D9195C81C7560BD00FF2668 /* Supporting Files */ = {
			isa = PBXGroup;
			children = (
				4D9195C91C7560BD00FF2668 /* main.m */,
			);
			name = "Supporting Files";
			sourceTree = "<group>";
		};
/* End PBXGroup section */

/* Begin PBXNativeTarget section */
		4D9195C41C7560BB00FF2668 /* TextView */ = {
			isa = PBXNativeTarget;
			buildConfigurationList = 4D9195DC1C7560C100FF2668 /* Build configuration list for PBXNativeTarget "TextView" */;
			buildPhases = (
				4D9195C11C7560BB00FF2668 /* Sources */,
				4D9195C21C7560BB00FF2668 /* Frameworks */,
				4D9195C31C7560BB00FF2668 /* Resources */,
			);
			buildRules = (
			);
			dependencies = (
			);
			name = TextView;
			productName = TextView;
			productReference = 4D9195C51C7560BB00FF2668 /* TextView.app */;
			productType = "com.apple.product-type.application";
		};
/* End PBXNativeTarget section */

/* Begin PBXProject section */
		4D9195BD1C7560BA00FF2668 /* Project object */ = {
			isa = PBXProject;
			attributes = {
				LastUpgradeCheck = 0720;
				ORGANIZATIONNAME = "沈红榜";
				TargetAttributes = {
					4D9195C41C7560BB00FF2668 = {
						CreatedOnToolsVersion = 7.2;
						DevelopmentTeam = 4EGDR77K5M;
					};
				};
			};
			buildConfigurationList = 4D9195C01C7560BA00FF2668 /* Build configuration list for PBXProject "TextView" */;
			compatibilityVersion = "Xcode 3.2";
			developmentRegion = English;
			hasScannedForEncodings = 0;
			knownRegions = (
				en,
				Base,
			);
			mainGroup = 4D9195BC1C7560BA00FF2668;
			productRefGroup = 4D9195C61C7560BB00FF2668 /* Products */;
			projectDirPath = "";
			projectRoot = "";
			targets = (
				4D9195C41C7560BB00FF2668 /* TextView */,
			);
		};
/* End PBXProject section */

/* Begin PBXResourcesBuildPhase section */
		4D9195C31C7560BB00FF2668 /* Resources */ = {
			isa = PBXResourcesBuildPhase;
			buildActionMask = 2147483647;
			files = (
				4D9195D81C7560C000FF2668 /* LaunchScreen.storyboard in Resources */,
				4D9195D51C7560C000FF2668 /* Assets.xcassets in Resources */,
				4D9195D31C7560BF00FF2668 /* Main.storyboard in Resources */,
			);
			runOnlyForDeploymentPostprocessing = 0;
		};
/* End PBXResourcesBuildPhase section */

/* Begin PBXSourcesBuildPhase section */
		4D9195C11C7560BB00FF2668 /* Sources */ = {
			isa = PBXSourcesBuildPhase;
			buildActionMask = 2147483647;
			files = (
				4D90F30C1C75BEA1009812E7 /* SHBAttachMent.m in Sources */,
				4D90F3091C75B7A7009812E7 /* PostViewController.m in Sources */,
				4D9195D01C7560BE00FF2668 /* ViewController.m in Sources */,
				4D9195CD1C7560BE00FF2668 /* AppDelegate.m in Sources */,
				4D90F3061C75B6E7009812E7 /* RootViewController.m in Sources */,
				4D2B113F1C76C42F008F61E1 /* SHBTextViewTapGestureRecognizer.m in Sources */,
				4D9195CA1C7560BD00FF2668 /* main.m in Sources */,
				4D90F3031C75B14F009812E7 /* PreViewController.m in Sources */,
				4D90F3001C75AD78009812E7 /* UIImage+ResizeMagick.m in Sources */,
			);
			runOnlyForDeploymentPostprocessing = 0;
		};
/* End PBXSourcesBuildPhase section */

/* Begin PBXVariantGroup section */
		4D9195D11C7560BF00FF2668 /* Main.storyboard */ = {
			isa = PBXVariantGroup;
			children = (
				4D9195D21C7560BF00FF2668 /* Base */,
			);
			name = Main.storyboard;
			sourceTree = "<group>";
		};
		4D9195D61C7560C000FF2668 /* LaunchScreen.storyboard */ = {
			isa = PBXVariantGroup;
			children = (
				4D9195D71C7560C000FF2668 /* Base */,
			);
			name = LaunchScreen.storyboard;
			sourceTree = "<group>";
		};
/* End PBXVariantGroup section */

/* Begin XCBuildConfiguration section */
		4D9195DA1C7560C100FF2668 /* Debug */ = {
			isa = XCBuildConfiguration;
			buildSettings = {
				ALWAYS_SEARCH_USER_PATHS = NO;
				CLANG_CXX_LANGUAGE_STANDARD = "gnu++0x";
				CLANG_CXX_LIBRARY = "libc++";
				CLANG_ENABLE_MODULES = YES;
				CLANG_ENABLE_OBJC_ARC = YES;
				CLANG_WARN_BOOL_CONVERSION = YES;
				CLANG_WARN_CONSTANT_CONVERSION = YES;
				CLANG_WARN_DIRECT_OBJC_ISA_USAGE = YES_ERROR;
				CLANG_WARN_EMPTY_BODY = YES;
				CLANG_WARN_ENUM_CONVERSION = YES;
				CLANG_WARN_INT_CONVERSION = YES;
				CLANG_WARN_OBJC_ROOT_CLASS = YES_ERROR;
				CLANG_WARN_UNREACHABLE_CODE = YES;
				CLANG_WARN__DUPLICATE_METHOD_MATCH = YES;
				"CODE_SIGN_IDENTITY[sdk=iphoneos*]" = "iPhone Developer";
				COPY_PHASE_STRIP = NO;
				DEBUG_INFORMATION_FORMAT = dwarf;
				ENABLE_STRICT_OBJC_MSGSEND = YES;
				ENABLE_TESTABILITY = YES;
				GCC_C_LANGUAGE_STANDARD = gnu99;
				GCC_DYNAMIC_NO_PIC = NO;
				GCC_NO_COMMON_BLOCKS = YES;
				GCC_OPTIMIZATION_LEVEL = 0;
				GCC_PREPROCESSOR_DEFINITIONS = (
					"DEBUG=1",
					"$(inherited)",
				);
				GCC_WARN_64_TO_32_BIT_CONVERSION = YES;
				GCC_WARN_ABOUT_RETURN_TYPE = YES_ERROR;
				GCC_WARN_UNDECLARED_SELECTOR = YES;
				GCC_WARN_UNINITIALIZED_AUTOS = YES_AGGRESSIVE;
				GCC_WARN_UNUSED_FUNCTION = YES;
				GCC_WARN_UNUSED_VARIABLE = YES;
				IPHONEOS_DEPLOYMENT_TARGET = 9.2;
				MTL_ENABLE_DEBUG_INFO = YES;
				ONLY_ACTIVE_ARCH = YES;
				SDKROOT = iphoneos;
			};
			name = Debug;
		};
		4D9195DB1C7560C100FF2668 /* Release */ = {
			isa = XCBuildConfiguration;
			buildSettings = {
				ALWAYS_SEARCH_USER_PATHS = NO;
				CLANG_CXX_LANGUAGE_STANDARD = "gnu++0x";
				CLANG_CXX_LIBRARY = "libc++";
				CLANG_ENABLE_MODULES = YES;
				CLANG_ENABLE_OBJC_ARC = YES;
				CLANG_WARN_BOOL_CONVERSION = YES;
				CLANG_WARN_CONSTANT_CONVERSION = YES;
				CLANG_WARN_DIRECT_OBJC_ISA_USAGE = YES_ERROR;
				CLANG_WARN_EMPTY_BODY = YES;
				CLANG_WARN_ENUM_CONVERSION = YES;
				CLANG_WARN_INT_CONVERSION = YES;
				CLANG_WARN_OBJC_ROOT_CLASS = YES_ERROR;
				CLANG_WARN_UNREACHABLE_CODE = YES;
				CLANG_WARN__DUPLICATE_METHOD_MATCH = YES;
				"CODE_SIGN_IDENTITY[sdk=iphoneos*]" = "iPhone Developer";
				COPY_PHASE_STRIP = NO;
				DEBUG_INFORMATION_FORMAT = "dwarf-with-dsym";
				ENABLE_NS_ASSERTIONS = NO;
				ENABLE_STRICT_OBJC_MSGSEND = YES;
				GCC_C_LANGUAGE_STANDARD = gnu99;
				GCC_NO_COMMON_BLOCKS = YES;
				GCC_WARN_64_TO_32_BIT_CONVERSION = YES;
				GCC_WARN_ABOUT_RETURN_TYPE = YES_ERROR;
				GCC_WARN_UNDECLARED_SELECTOR = YES;
				GCC_WARN_UNINITIALIZED_AUTOS = YES_AGGRESSIVE;
				GCC_WARN_UNUSED_FUNCTION = YES;
				GCC_WARN_UNUSED_VARIABLE = YES;
				IPHONEOS_DEPLOYMENT_TARGET = 9.2;
				MTL_ENABLE_DEBUG_INFO = NO;
				SDKROOT = iphoneos;
				VALIDATE_PRODUCT = YES;
			};
			name = Release;
		};
		4D9195DD1C7560C100FF2668 /* Debug */ = {
			isa = XCBuildConfiguration;
			buildSettings = {
				ASSETCATALOG_COMPILER_APPICON_NAME = AppIcon;
				CODE_SIGN_IDENTITY = "iPhone Developer";
				"CODE_SIGN_IDENTITY[sdk=iphoneos*]" = "iPhone Developer";
				INFOPLIST_FILE = TextView/Info.plist;
				LD_RUNPATH_SEARCH_PATHS = "$(inherited) @executable_path/Frameworks";
				PRODUCT_BUNDLE_IDENTIFIER = com.cribn.www.TextView;
				PRODUCT_NAME = "$(TARGET_NAME)";
				PROVISIONING_PROFILE = "";
			};
			name = Debug;
		};
		4D9195DE1C7560C100FF2668 /* Release */ = {
			isa = XCBuildConfiguration;
			buildSettings = {
				ASSETCATALOG_COMPILER_APPICON_NAME = AppIcon;
				CODE_SIGN_IDENTITY = "iPhone Developer";
				"CODE_SIGN_IDENTITY[sdk=iphoneos*]" = "iPhone Developer";
				INFOPLIST_FILE = TextView/Info.plist;
				LD_RUNPATH_SEARCH_PATHS = "$(inherited) @executable_path/Frameworks";
				PRODUCT_BUNDLE_IDENTIFIER = com.cribn.www.TextView;
				PRODUCT_NAME = "$(TARGET_NAME)";
				PROVISIONING_PROFILE = "";
			};
			name = Release;
		};
/* End XCBuildConfiguration section */

/* Begin XCConfigurationList section */
		4D9195C01C7560BA00FF2668 /* Build configuration list for PBXProject "TextView" */ = {
			isa = XCConfigurationList;
			buildConfigurations = (
				4D9195DA1C7560C100FF2668 /* Debug */,
				4D9195DB1C7560C100FF2668 /* Release */,
			);
			defaultConfigurationIsVisible = 0;
			defaultConfigurationName = Release;
		};
		4D9195DC1C7560C100FF2668 /* Build configuration list for PBXNativeTarget "TextView" */ = {
			isa = XCConfigurationList;
			buildConfigurations = (
				4D9195DD1C7560C100FF2668 /* Debug */,
				4D9195DE1C7560C100FF2668 /* Release */,
			);
			defaultConfigurationIsVisible = 0;
			defaultConfigurationName = Release;
		};
/* End XCConfigurationList section */
	};
	rootObject = 4D9195BD1C7560BA00FF2668 /* Project object */;
}
